
Microsoft Visual Studio Solution File, Format Version 12.00
# Visual Studio Version 17
VisualStudioVersion = 17.10.35013.160
MinimumVisualStudioVersion = 10.0.40219.1
Project("{9A19103F-16F7-4668-BE54-9A1E7A4F7556}") = "4-52 praktica", "4-52 praktica.csproj", "{E2D69FC2-E606-44D2-8593-D2B802AB757B}"
EndProject
Project("{FAE04EC0-301F-11D3-BF4B-00C04F79EFBC}") = "5", "..\5\5.csproj", "{E98ECA5A-6510-4820-97D5-7917EDF58460}"
EndProject
Project("{FAE04EC0-301F-11D3-BF4B-00C04F79EFBC}") = "6", "..\6\6.csproj", "{67E2383C-D549-415D-AF01-AF1D45294082}"
EndProject
Project("{FAE04EC0-301F-11D3-BF4B-00C04F79EFBC}") = "7", "..\7\7.csproj", "{DB9C4FDF-B439-489A-AFEE-34F96CE5DACF}"
EndProject
Project("{FAE04EC0-301F-11D3-BF4B-00C04F79EFBC}") = "8", "..\8\8.csproj", "{2855309A-62FD-4FAB-9192-D2B18421A6AE}"
EndProject
Project("{FAE04EC0-301F-11D3-BF4B-00C04F79EFBC}") = "9", "..\9\9.csproj", "{816A4106-41BE-4FB7-982D-581836D95DA7}"
EndProject
Project("{FAE04EC0-301F-11D3-BF4B-00C04F79EFBC}") = "10", "..\10\10.csproj", "{B991D84F-B888-48C1-B77F-08361613C78E}"
EndProject
Project("{FAE04EC0-301F-11D3-BF4B-00C04F79EFBC}") = "11", "..\11\11.csproj", "{DC1CA9FB-02DE-4CA0-83F8-35973C62690B}"
EndProject
Project("{FAE04EC0-301F-11D3-BF4B-00C04F79EFBC}") = "12", "..\12\12.csproj", "{E58BD74C-6829-4BB5-8AE8-B8AA2BCDC4A1}"
EndProject
Project("{FAE04EC0-301F-11D3-BF4B-00C04F79EFBC}") = "13", "..\13\13.csproj", "{1BAFBF15-4F21-4530-94C9-74A1AE522154}"
EndProject
Project("{FAE04EC0-301F-11D3-BF4B-00C04F79EFBC}") = "14", "..\14\14.csproj", "{2E5B61B4-AC2F-4669-BE03-08CD3463C5D4}"
EndProject
Project("{FAE04EC0-301F-11D3-BF4B-00C04F79EFBC}") = "15", "..\15\15.csproj", "{4EBADCA2-EBE0-4A8F-B74E-3EE4F31EAC4E}"
EndProject
Project("{FAE04EC0-301F-11D3-BF4B-00C04F79EFBC}") = "16", "..\16\16.csproj", "{96FCBB22-38ED-43EC-ACC5-AF9551A1E793}"
EndProject
Project("{FAE04EC0-301F-11D3-BF4B-00C04F79EFBC}") = "17", "..\17\17.csproj", "{CBC8FE23-2C88-44C7-AD5F-1C1A5FF02B65}"
EndProject
Project("{FAE04EC0-301F-11D3-BF4B-00C04F79EFBC}") = "18", "..\18\18.csproj", "{B3136100-52CB-43A1-BBC5-801248CAA510}"
EndProject
Project("{FAE04EC0-301F-11D3-BF4B-00C04F79EFBC}") = "19", "..\19\19.csproj", "{1FCB984D-26B3-4B91-B113-65C5F95C8772}"
EndProject
Project("{FAE04EC0-301F-11D3-BF4B-00C04F79EFBC}") = "20", "..\20\20.csproj", "{6C949134-59FF-4F58-B8DC-17D3FF10E6B0}"
EndProject
Project("{FAE04EC0-301F-11D3-BF4B-00C04F79EFBC}") = "21", "..\21\21.csproj", "{8B421249-5C54-4B94-BC99-A7838DD45790}"
EndProject
Project("{FAE04EC0-301F-11D3-BF4B-00C04F79EFBC}") = "22", "..\22\22.csproj", "{0711B22D-74DB-42E0-99A3-CEACB4937785}"
EndProject
Project("{FAE04EC0-301F-11D3-BF4B-00C04F79EFBC}") = "23", "..\23\23.csproj", "{A014D828-8CD4-4710-B619-17B17BA442B7}"
EndProject
Global
	GlobalSection(SolutionConfigurationPlatforms) = preSolution
		Debug|Any CPU = Debug|Any CPU
		Release|Any CPU = Release|Any CPU
	EndGlobalSection
	GlobalSection(ProjectConfigurationPlatforms) = postSolution
		{E2D69FC2-E606-44D2-8593-D2B802AB757B}.Debug|Any CPU.ActiveCfg = Debug|Any CPU
		{E2D69FC2-E606-44D2-8593-D2B802AB757B}.Debug|Any CPU.Build.0 = Debug|Any CPU
		{E2D69FC2-E606-44D2-8593-D2B802AB757B}.Release|Any CPU.ActiveCfg = Release|Any CPU
		{E2D69FC2-E606-44D2-8593-D2B802AB757B}.Release|Any CPU.Build.0 = Release|Any CPU
		{E98ECA5A-6510-4820-97D5-7917EDF58460}.Debug|Any CPU.ActiveCfg = Debug|Any CPU
		{E98ECA5A-6510-4820-97D5-7917EDF58460}.Debug|Any CPU.Build.0 = Debug|Any CPU
		{E98ECA5A-6510-4820-97D5-7917EDF58460}.Release|Any CPU.ActiveCfg = Release|Any CPU
		{E98ECA5A-6510-4820-97D5-7917EDF58460}.Release|Any CPU.Build.0 = Release|Any CPU
		{67E2383C-D549-415D-AF01-AF1D45294082}.Debug|Any CPU.ActiveCfg = Debug|Any CPU
		{67E2383C-D549-415D-AF01-AF1D45294082}.Debug|Any CPU.Build.0 = Debug|Any CPU
		{67E2383C-D549-415D-AF01-AF1D45294082}.Release|Any CPU.ActiveCfg = Release|Any CPU
		{67E2383C-D549-415D-AF01-AF1D45294082}.Release|Any CPU.Build.0 = Release|Any CPU
		{DB9C4FDF-B439-489A-AFEE-34F96CE5DACF}.Debug|Any CPU.ActiveCfg = Debug|Any CPU
		{DB9C4FDF-B439-489A-AFEE-34F96CE5DACF}.Debug|Any CPU.Build.0 = Debug|Any CPU
		{DB9C4FDF-B439-489A-AFEE-34F96CE5DACF}.Release|Any CPU.ActiveCfg = Release|Any CPU
		{DB9C4FDF-B439-489A-AFEE-34F96CE5DACF}.Release|Any CPU.Build.0 = Release|Any CPU
		{2855309A-62FD-4FAB-9192-D2B18421A6AE}.Debug|Any CPU.ActiveCfg = Debug|Any CPU
		{2855309A-62FD-4FAB-9192-D2B18421A6AE}.Debug|Any CPU.Build.0 = Debug|Any CPU
		{2855309A-62FD-4FAB-9192-D2B18421A6AE}.Release|Any CPU.ActiveCfg = Release|Any CPU
		{2855309A-62FD-4FAB-9192-D2B18421A6AE}.Release|Any CPU.Build.0 = Release|Any CPU
		{816A4106-41BE-4FB7-982D-581836D95DA7}.Debug|Any CPU.ActiveCfg = Debug|Any CPU
		{816A4106-41BE-4FB7-982D-581836D95DA7}.Debug|Any CPU.Build.0 = Debug|Any CPU
		{816A4106-41BE-4FB7-982D-581836D95DA7}.Release|Any CPU.ActiveCfg = Release|Any CPU
		{816A4106-41BE-4FB7-982D-581836D95DA7}.Release|Any CPU.Build.0 = Release|Any CPU
		{B991D84F-B888-48C1-B77F-08361613C78E}.Debug|Any CPU.ActiveCfg = Debug|Any CPU
		{B991D84F-B888-48C1-B77F-08361613C78E}.Debug|Any CPU.Build.0 = Debug|Any CPU
		{B991D84F-B888-48C1-B77F-08361613C78E}.Release|Any CPU.ActiveCfg = Release|Any CPU
		{B991D84F-B888-48C1-B77F-08361613C78E}.Release|Any CPU.Build.0 = Release|Any CPU
		{DC1CA9FB-02DE-4CA0-83F8-35973C62690B}.Debug|Any CPU.ActiveCfg = Debug|Any CPU
		{DC1CA9FB-02DE-4CA0-83F8-35973C62690B}.Debug|Any CPU.Build.0 = Debug|Any CPU
		{DC1CA9FB-02DE-4CA0-83F8-35973C62690B}.Release|Any CPU.ActiveCfg = Release|Any CPU
		{DC1CA9FB-02DE-4CA0-83F8-35973C62690B}.Release|Any CPU.Build.0 = Release|Any CPU
		{E58BD74C-6829-4BB5-8AE8-B8AA2BCDC4A1}.Debug|Any CPU.ActiveCfg = Debug|Any CPU
		{E58BD74C-6829-4BB5-8AE8-B8AA2BCDC4A1}.Debug|Any CPU.Build.0 = Debug|Any CPU
		{E58BD74C-6829-4BB5-8AE8-B8AA2BCDC4A1}.Release|Any CPU.ActiveCfg = Release|Any CPU
		{E58BD74C-6829-4BB5-8AE8-B8AA2BCDC4A1}.Release|Any CPU.Build.0 = Release|Any CPU
		{1BAFBF15-4F21-4530-94C9-74A1AE522154}.Debug|Any CPU.ActiveCfg = Debug|Any CPU
		{1BAFBF15-4F21-4530-94C9-74A1AE522154}.Debug|Any CPU.Build.0 = Debug|Any CPU
		{1BAFBF15-4F21-4530-94C9-74A1AE522154}.Release|Any CPU.ActiveCfg = Release|Any CPU
		{1BAFBF15-4F21-4530-94C9-74A1AE522154}.Release|Any CPU.Build.0 = Release|Any CPU
		{2E5B61B4-AC2F-4669-BE03-08CD3463C5D4}.Debug|Any CPU.ActiveCfg = Debug|Any CPU
		{2E5B61B4-AC2F-4669-BE03-08CD3463C5D4}.Debug|Any CPU.Build.0 = Debug|Any CPU
		{2E5B61B4-AC2F-4669-BE03-08CD3463C5D4}.Release|Any CPU.ActiveCfg = Release|Any CPU
		{2E5B61B4-AC2F-4669-BE03-08CD3463C5D4}.Release|Any CPU.Build.0 = Release|Any CPU
		{4EBADCA2-EBE0-4A8F-B74E-3EE4F31EAC4E}.Debug|Any CPU.ActiveCfg = Debug|Any CPU
		{4EBADCA2-EBE0-4A8F-B74E-3EE4F31EAC4E}.Debug|Any CPU.Build.0 = Debug|Any CPU
		{4EBADCA2-EBE0-4A8F-B74E-3EE4F31EAC4E}.Release|Any CPU.ActiveCfg = Release|Any CPU
		{4EBADCA2-EBE0-4A8F-B74E-3EE4F31EAC4E}.Release|Any CPU.Build.0 = Release|Any CPU
		{96FCBB22-38ED-43EC-ACC5-AF9551A1E793}.Debug|Any CPU.ActiveCfg = Debug|Any CPU
		{96FCBB22-38ED-43EC-ACC5-AF9551A1E793}.Debug|Any CPU.Build.0 = Debug|Any CPU
		{96FCBB22-38ED-43EC-ACC5-AF9551A1E793}.Release|Any CPU.ActiveCfg = Release|Any CPU
		{96FCBB22-38ED-43EC-ACC5-AF9551A1E793}.Release|Any CPU.Build.0 = Release|Any CPU
		{CBC8FE23-2C88-44C7-AD5F-1C1A5FF02B65}.Debug|Any CPU.ActiveCfg = Debug|Any CPU
		{CBC8FE23-2C88-44C7-AD5F-1C1A5FF02B65}.Debug|Any CPU.Build.0 = Debug|Any CPU
		{CBC8FE23-2C88-44C7-AD5F-1C1A5FF02B65}.Release|Any CPU.ActiveCfg = Release|Any CPU
		{CBC8FE23-2C88-44C7-AD5F-1C1A5FF02B65}.Release|Any CPU.Build.0 = Release|Any CPU
		{B3136100-52CB-43A1-BBC5-801248CAA510}.Debug|Any CPU.ActiveCfg = Debug|Any CPU
		{B3136100-52CB-43A1-BBC5-801248CAA510}.Debug|Any CPU.Build.0 = Debug|Any CPU
		{B3136100-52CB-43A1-BBC5-801248CAA510}.Release|Any CPU.ActiveCfg = Release|Any CPU
		{B3136100-52CB-43A1-BBC5-801248CAA510}.Release|Any CPU.Build.0 = Release|Any CPU
		{1FCB984D-26B3-4B91-B113-65C5F95C8772}.Debug|Any CPU.ActiveCfg = Debug|Any CPU
		{1FCB984D-26B3-4B91-B113-65C5F95C8772}.Debug|Any CPU.Build.0 = Debug|Any CPU
		{1FCB984D-26B3-4B91-B113-65C5F95C8772}.Release|Any CPU.ActiveCfg = Release|Any CPU
		{1FCB984D-26B3-4B91-B113-65C5F95C8772}.Release|Any CPU.Build.0 = Release|Any CPU
		{6C949134-59FF-4F58-B8DC-17D3FF10E6B0}.Debug|Any CPU.ActiveCfg = Debug|Any CPU
		{6C949134-59FF-4F58-B8DC-17D3FF10E6B0}.Debug|Any CPU.Build.0 = Debug|Any CPU
		{6C949134-59FF-4F58-B8DC-17D3FF10E6B0}.Release|Any CPU.ActiveCfg = Release|Any CPU
		{6C949134-59FF-4F58-B8DC-17D3FF10E6B0}.Release|Any CPU.Build.0 = Release|Any CPU
		{8B421249-5C54-4B94-BC99-A7838DD45790}.Debug|Any CPU.ActiveCfg = Debug|Any CPU
		{8B421249-5C54-4B94-BC99-A7838DD45790}.Debug|Any CPU.Build.0 = Debug|Any CPU
		{8B421249-5C54-4B94-BC99-A7838DD45790}.Release|Any CPU.ActiveCfg = Release|Any CPU
		{8B421249-5C54-4B94-BC99-A7838DD45790}.Release|Any CPU.Build.0 = Release|Any CPU
		{0711B22D-74DB-42E0-99A3-CEACB4937785}.Debug|Any CPU.ActiveCfg = Debug|Any CPU
		{0711B22D-74DB-42E0-99A3-CEACB4937785}.Debug|Any CPU.Build.0 = Debug|Any CPU
		{0711B22D-74DB-42E0-99A3-CEACB4937785}.Release|Any CPU.ActiveCfg = Release|Any CPU
		{0711B22D-74DB-42E0-99A3-CEACB4937785}.Release|Any CPU.Build.0 = Release|Any CPU
		{A014D828-8CD4-4710-B619-17B17BA442B7}.Debug|Any CPU.ActiveCfg = Debug|Any CPU
		{A014D828-8CD4-4710-B619-17B17BA442B7}.Debug|Any CPU.Build.0 = Debug|Any CPU
		{A014D828-8CD4-4710-B619-17B17BA442B7}.Release|Any CPU.ActiveCfg = Release|Any CPU
		{A014D828-8CD4-4710-B619-17B17BA442B7}.Release|Any CPU.Build.0 = Release|Any CPU
	EndGlobalSection
	GlobalSection(SolutionProperties) = preSolution
		HideSolutionNode = FALSE
	EndGlobalSection
	GlobalSection(ExtensibilityGlobals) = postSolution
		SolutionGuid = {C0947A71-AAE8-46C4-AF0F-DF5CA466A608}
	EndGlobalSection
EndGlobal
